
Microsoft Visual Studio Solution File, Format Version 12.00
# Visual Studio Version 17
VisualStudioVersion = 17.13.35825.156
MinimumVisualStudioVersion = 10.0.40219.1
Project("{FAE04EC0-301F-11D3-BF4B-00C04F79EFBC}") = "FileAnalysisService.Api", "FileAnalysisService.Api\FileAnalysisService.Api.csproj", "{801CD0A5-FE25-47C3-A771-5B711F4E0526}"
EndProject
Project("{FAE04EC0-301F-11D3-BF4B-00C04F79EFBC}") = "FileAnalysisService.Domain", "FileAnalysisService.Domain\FileAnalysisService.Domain.csproj", "{854C3B5C-EC54-46AD-845D-4F322D44FCD9}"
EndProject
Project("{FAE04EC0-301F-11D3-BF4B-00C04F79EFBC}") = "FileAnalysisService.Application", "FileAnalysisService.Application\FileAnalysisService.Application.csproj", "{B97F7240-B33B-49B1-8750-9CD46D8ADE7C}"
EndProject
Project("{FAE04EC0-301F-11D3-BF4B-00C04F79EFBC}") = "FileAnalysisService.Infrastructure", "FileAnalysisService.Infrastructure\FileAnalysisService.Infrastructure.csproj", "{0113A88D-F170-449C-971D-804B07DE55BC}"
EndProject
Project("{FAE04EC0-301F-11D3-BF4B-00C04F79EFBC}") = "FileAnalysisService.Tests", "FileAnalysisService.Tests\FileAnalysisService.Tests.csproj", "{B94346DC-DD2E-44DC-BB3D-AC9654F9983E}"
EndProject
Global
	GlobalSection(SolutionConfigurationPlatforms) = preSolution
		Debug|Any CPU = Debug|Any CPU
		Release|Any CPU = Release|Any CPU
	EndGlobalSection
	GlobalSection(ProjectConfigurationPlatforms) = postSolution
		{801CD0A5-FE25-47C3-A771-5B711F4E0526}.Debug|Any CPU.ActiveCfg = Debug|Any CPU
		{801CD0A5-FE25-47C3-A771-5B711F4E0526}.Debug|Any CPU.Build.0 = Debug|Any CPU
		{801CD0A5-FE25-47C3-A771-5B711F4E0526}.Release|Any CPU.ActiveCfg = Release|Any CPU
		{801CD0A5-FE25-47C3-A771-5B711F4E0526}.Release|Any CPU.Build.0 = Release|Any CPU
		{854C3B5C-EC54-46AD-845D-4F322D44FCD9}.Debug|Any CPU.ActiveCfg = Debug|Any CPU
		{854C3B5C-EC54-46AD-845D-4F322D44FCD9}.Debug|Any CPU.Build.0 = Debug|Any CPU
		{854C3B5C-EC54-46AD-845D-4F322D44FCD9}.Release|Any CPU.ActiveCfg = Release|Any CPU
		{854C3B5C-EC54-46AD-845D-4F322D44FCD9}.Release|Any CPU.Build.0 = Release|Any CPU
		{B97F7240-B33B-49B1-8750-9CD46D8ADE7C}.Debug|Any CPU.ActiveCfg = Debug|Any CPU
		{B97F7240-B33B-49B1-8750-9CD46D8ADE7C}.Debug|Any CPU.Build.0 = Debug|Any CPU
		{B97F7240-B33B-49B1-8750-9CD46D8ADE7C}.Release|Any CPU.ActiveCfg = Release|Any CPU
		{B97F7240-B33B-49B1-8750-9CD46D8ADE7C}.Release|Any CPU.Build.0 = Release|Any CPU
		{0113A88D-F170-449C-971D-804B07DE55BC}.Debug|Any CPU.ActiveCfg = Debug|Any CPU
		{0113A88D-F170-449C-971D-804B07DE55BC}.Debug|Any CPU.Build.0 = Debug|Any CPU
		{0113A88D-F170-449C-971D-804B07DE55BC}.Release|Any CPU.ActiveCfg = Release|Any CPU
		{0113A88D-F170-449C-971D-804B07DE55BC}.Release|Any CPU.Build.0 = Release|Any CPU
		{B94346DC-DD2E-44DC-BB3D-AC9654F9983E}.Debug|Any CPU.ActiveCfg = Debug|Any CPU
		{B94346DC-DD2E-44DC-BB3D-AC9654F9983E}.Debug|Any CPU.Build.0 = Debug|Any CPU
		{B94346DC-DD2E-44DC-BB3D-AC9654F9983E}.Release|Any CPU.ActiveCfg = Release|Any CPU
		{B94346DC-DD2E-44DC-BB3D-AC9654F9983E}.Release|Any CPU.Build.0 = Release|Any CPU
	EndGlobalSection
	GlobalSection(SolutionProperties) = preSolution
		HideSolutionNode = FALSE
	EndGlobalSection
	GlobalSection(ExtensibilityGlobals) = postSolution
		SolutionGuid = {7BC72B62-30FA-46EC-9463-661FF927DC8B}
	EndGlobalSection
EndGlobal
