
Microsoft Visual Studio Solution File, Format Version 12.00
# Visual Studio Version 17
VisualStudioVersion = 17.13.35825.156
MinimumVisualStudioVersion = 10.0.40219.1
Project("{FAE04EC0-301F-11D3-BF4B-00C04F79EFBC}") = "FileStoringService.Api", "FileStoringService.Api\FileStoringService.Api.csproj", "{767C4278-4707-4ABF-9EC1-CB1B3BF81814}"
EndProject
Project("{FAE04EC0-301F-11D3-BF4B-00C04F79EFBC}") = "FileStoringService.Domain", "FileStoringService.Domain\FileStoringService.Domain.csproj", "{DC3FB6F6-5D10-48A4-B8A1-9A7D6E263397}"
EndProject
Project("{FAE04EC0-301F-11D3-BF4B-00C04F79EFBC}") = "FileStoringService.Application", "FileStoringService.Application\FileStoringService.Application.csproj", "{C82D4E3A-3B1B-475B-B10F-4FCD19D03110}"
EndProject
Project("{FAE04EC0-301F-11D3-BF4B-00C04F79EFBC}") = "FileStoringService.Infrastructure", "FileStoringService.Infrastructure\FileStoringService.Infrastructure.csproj", "{C875A22E-F387-4F1C-B4BC-6D7A6D4A66B5}"
EndProject
Project("{FAE04EC0-301F-11D3-BF4B-00C04F79EFBC}") = "FileStoringService.Tests", "FileStoringService.Tests\FileStoringService.Tests.csproj", "{3C15BBF0-7617-4EC3-869C-09095ACDDCCF}"
EndProject
Global
	GlobalSection(SolutionConfigurationPlatforms) = preSolution
		Debug|Any CPU = Debug|Any CPU
		Release|Any CPU = Release|Any CPU
	EndGlobalSection
	GlobalSection(ProjectConfigurationPlatforms) = postSolution
		{767C4278-4707-4ABF-9EC1-CB1B3BF81814}.Debug|Any CPU.ActiveCfg = Debug|Any CPU
		{767C4278-4707-4ABF-9EC1-CB1B3BF81814}.Debug|Any CPU.Build.0 = Debug|Any CPU
		{767C4278-4707-4ABF-9EC1-CB1B3BF81814}.Release|Any CPU.ActiveCfg = Release|Any CPU
		{767C4278-4707-4ABF-9EC1-CB1B3BF81814}.Release|Any CPU.Build.0 = Release|Any CPU
		{DC3FB6F6-5D10-48A4-B8A1-9A7D6E263397}.Debug|Any CPU.ActiveCfg = Debug|Any CPU
		{DC3FB6F6-5D10-48A4-B8A1-9A7D6E263397}.Debug|Any CPU.Build.0 = Debug|Any CPU
		{DC3FB6F6-5D10-48A4-B8A1-9A7D6E263397}.Release|Any CPU.ActiveCfg = Release|Any CPU
		{DC3FB6F6-5D10-48A4-B8A1-9A7D6E263397}.Release|Any CPU.Build.0 = Release|Any CPU
		{C82D4E3A-3B1B-475B-B10F-4FCD19D03110}.Debug|Any CPU.ActiveCfg = Debug|Any CPU
		{C82D4E3A-3B1B-475B-B10F-4FCD19D03110}.Debug|Any CPU.Build.0 = Debug|Any CPU
		{C82D4E3A-3B1B-475B-B10F-4FCD19D03110}.Release|Any CPU.ActiveCfg = Release|Any CPU
		{C82D4E3A-3B1B-475B-B10F-4FCD19D03110}.Release|Any CPU.Build.0 = Release|Any CPU
		{C875A22E-F387-4F1C-B4BC-6D7A6D4A66B5}.Debug|Any CPU.ActiveCfg = Debug|Any CPU
		{C875A22E-F387-4F1C-B4BC-6D7A6D4A66B5}.Debug|Any CPU.Build.0 = Debug|Any CPU
		{C875A22E-F387-4F1C-B4BC-6D7A6D4A66B5}.Release|Any CPU.ActiveCfg = Release|Any CPU
		{C875A22E-F387-4F1C-B4BC-6D7A6D4A66B5}.Release|Any CPU.Build.0 = Release|Any CPU
		{3C15BBF0-7617-4EC3-869C-09095ACDDCCF}.Debug|Any CPU.ActiveCfg = Debug|Any CPU
		{3C15BBF0-7617-4EC3-869C-09095ACDDCCF}.Debug|Any CPU.Build.0 = Debug|Any CPU
		{3C15BBF0-7617-4EC3-869C-09095ACDDCCF}.Release|Any CPU.ActiveCfg = Release|Any CPU
		{3C15BBF0-7617-4EC3-869C-09095ACDDCCF}.Release|Any CPU.Build.0 = Release|Any CPU
	EndGlobalSection
	GlobalSection(SolutionProperties) = preSolution
		HideSolutionNode = FALSE
	EndGlobalSection
	GlobalSection(ExtensibilityGlobals) = postSolution
		SolutionGuid = {D1E6F480-F906-4B6A-A3BA-A4D4E40261E4}
	EndGlobalSection
EndGlobal
